
Microsoft Visual Studio Solution File, Format Version 12.00
# Visual Studio Version 17
VisualStudioVersion = 17.4.33205.214
MinimumVisualStudioVersion = 10.0.40219.1
Project("{FAE04EC0-301F-11D3-BF4B-00C04F79EFBC}") = "Baigiamasis RC", "ClassLibrary9\Baigiamasis RC.csproj", "{5B09D6A0-BBC8-439A-8603-DB97F83FF7ED}"
EndProject
Global
	GlobalSection(SolutionConfigurationPlatforms) = preSolution
		Debug|Any CPU = Debug|Any CPU
		Release|Any CPU = Release|Any CPU
	EndGlobalSection
	GlobalSection(ProjectConfigurationPlatforms) = postSolution
		{5B09D6A0-BBC8-439A-8603-DB97F83FF7ED}.Debug|Any CPU.ActiveCfg = Debug|Any CPU
		{5B09D6A0-BBC8-439A-8603-DB97F83FF7ED}.Debug|Any CPU.Build.0 = Debug|Any CPU
		{5B09D6A0-BBC8-439A-8603-DB97F83FF7ED}.Release|Any CPU.ActiveCfg = Release|Any CPU
		{5B09D6A0-BBC8-439A-8603-DB97F83FF7ED}.Release|Any CPU.Build.0 = Release|Any CPU
	EndGlobalSection
	GlobalSection(SolutionProperties) = preSolution
		HideSolutionNode = FALSE
	EndGlobalSection
	GlobalSection(ExtensibilityGlobals) = postSolution
		SolutionGuid = {7EAB2A61-74C1-441D-9222-D41F3864D085}
	EndGlobalSection
EndGlobal
